
Microsoft Visual Studio Solution File, Format Version 12.00
# Visual Studio Version 16
VisualStudioVersion = 16.0.31019.35
MinimumVisualStudioVersion = 10.0.40219.1
Project("{8BC9CEB8-8B4A-11D0-8D11-00A0C91BC942}") = "Laborator8", "Laborator8\Laborator8.vcxproj", "{E6846F1C-4D2C-4225-9412-4A77E7C1930A}"
EndProject
Global
	GlobalSection(SolutionConfigurationPlatforms) = preSolution
		Debug|x64 = Debug|x64
		Debug|x86 = Debug|x86
		Release|x64 = Release|x64
		Release|x86 = Release|x86
	EndGlobalSection
	GlobalSection(ProjectConfigurationPlatforms) = postSolution
		{E6846F1C-4D2C-4225-9412-4A77E7C1930A}.Debug|x64.ActiveCfg = Debug|x64
		{E6846F1C-4D2C-4225-9412-4A77E7C1930A}.Debug|x64.Build.0 = Debug|x64
		{E6846F1C-4D2C-4225-9412-4A77E7C1930A}.Debug|x86.ActiveCfg = Debug|Win32
		{E6846F1C-4D2C-4225-9412-4A77E7C1930A}.Debug|x86.Build.0 = Debug|Win32
		{E6846F1C-4D2C-4225-9412-4A77E7C1930A}.Release|x64.ActiveCfg = Release|x64
		{E6846F1C-4D2C-4225-9412-4A77E7C1930A}.Release|x64.Build.0 = Release|x64
		{E6846F1C-4D2C-4225-9412-4A77E7C1930A}.Release|x86.ActiveCfg = Release|Win32
		{E6846F1C-4D2C-4225-9412-4A77E7C1930A}.Release|x86.Build.0 = Release|Win32
	EndGlobalSection
	GlobalSection(SolutionProperties) = preSolution
		HideSolutionNode = FALSE
	EndGlobalSection
	GlobalSection(ExtensibilityGlobals) = postSolution
		SolutionGuid = {688E4366-46DF-49EA-A26C-D82EC12DF146}
	EndGlobalSection
EndGlobal
